// !$*UTF8*$!
{
	archiveVersion = 1;
	classes = {
	};
	objectVersion = 77;
	objects = {

/* Begin PBXBuildFile section */
		579F815B2E43F35D00BC891B /* MongoDBService in Frameworks */ = {isa = PBXBuildFile; productRef = 579F815A2E43F35D00BC891B /* MongoDBService */; };
/* End PBXBuildFile section */

/* Begin PBXContainerItemProxy section */
		577AC2E82DC9523700026338 /* PBXContainerItemProxy */ = {
			isa = PBXContainerItemProxy;
			containerPortal = 577AC2D12DC9523200026338 /* Project object */;
			proxyType = 1;
			remoteGlobalIDString = 577AC2D82DC9523200026338;
			remoteInfo = LeetTrack;
		};
		577AC2F22DC9523700026338 /* PBXContainerItemProxy */ = {
			isa = PBXContainerItemProxy;
			containerPortal = 577AC2D12DC9523200026338 /* Project object */;
			proxyType = 1;
			remoteGlobalIDString = 577AC2D82DC9523200026338;
			remoteInfo = LeetTrack;
		};
/* End PBXContainerItemProxy section */

/* Begin PBXFileReference section */
		577AC2D92DC9523200026338 /* LeetTrack.app */ = {isa = PBXFileReference; explicitFileType = wrapper.application; includeInIndex = 0; path = LeetTrack.app; sourceTree = BUILT_PRODUCTS_DIR; };
		577AC2E72DC9523700026338 /* LeetTrackTests.xctest */ = {isa = PBXFileReference; explicitFileType = wrapper.cfbundle; includeInIndex = 0; path = LeetTrackTests.xctest; sourceTree = BUILT_PRODUCTS_DIR; };
		577AC2F12DC9523700026338 /* LeetTrackUITests.xctest */ = {isa = PBXFileReference; explicitFileType = wrapper.cfbundle; includeInIndex = 0; path = LeetTrackUITests.xctest; sourceTree = BUILT_PRODUCTS_DIR; };
/* End PBXFileReference section */

/* Begin PBXFileSystemSynchronizedRootGroup section */
		577AC2DB2DC9523200026338 /* src */ = {
			isa = PBXFileSystemSynchronizedRootGroup;
			path = src;
			sourceTree = "<group>";
		};
		577AC2EA2DC9523700026338 /* LeetTrackTests */ = {
			isa = PBXFileSystemSynchronizedRootGroup;
			path = LeetTrackTests;
			sourceTree = "<group>";
		};
		577AC2F42DC9523700026338 /* LeetTrackUITests */ = {
			isa = PBXFileSystemSynchronizedRootGroup;
			path = LeetTrackUITests;
			sourceTree = "<group>";
		};
/* End PBXFileSystemSynchronizedRootGroup section */

/* Begin PBXFrameworksBuildPhase section */
		577AC2D62DC9523200026338 /* Frameworks */ = {
			isa = PBXFrameworksBuildPhase;
			buildActionMask = 2147483647;
			files = (
				579F815B2E43F35D00BC891B /* MongoDBService in Frameworks */,
			);
			runOnlyForDeploymentPostprocessing = 0;
		};
		577AC2E42DC9523700026338 /* Frameworks */ = {
			isa = PBXFrameworksBuildPhase;
			buildActionMask = 2147483647;
			files = (
			);
			runOnlyForDeploymentPostprocessing = 0;
		};
		577AC2EE2DC9523700026338 /* Frameworks */ = {
			isa = PBXFrameworksBuildPhase;
			buildActionMask = 2147483647;
			files = (
			);
			runOnlyForDeploymentPostprocessing = 0;
		};
/* End PBXFrameworksBuildPhase section */

/* Begin PBXGroup section */
		577AC2D02DC9523200026338 = {
			isa = PBXGroup;
			children = (
				577AC2DB2DC9523200026338 /* src */,
				577AC2EA2DC9523700026338 /* LeetTrackTests */,
				577AC2F42DC9523700026338 /* LeetTrackUITests */,
				577AC2DA2DC9523200026338 /* Products */,
			);
			sourceTree = "<group>";
		};
		577AC2DA2DC9523200026338 /* Products */ = {
			isa = PBXGroup;
			children = (
				577AC2D92DC9523200026338 /* LeetTrack.app */,
				577AC2E72DC9523700026338 /* LeetTrackTests.xctest */,
				577AC2F12DC9523700026338 /* LeetTrackUITests.xctest */,
			);
			name = Products;
			sourceTree = "<group>";
		};
/* End PBXGroup section */

/* Begin PBXNativeTarget section */
		577AC2D82DC9523200026338 /* LeetTrack */ = {
			isa = PBXNativeTarget;
			buildConfigurationList = 577AC2FB2DC9523700026338 /* Build configuration list for PBXNativeTarget "LeetTrack" */;
			buildPhases = (
				577AC2D52DC9523200026338 /* Sources */,
				577AC2D62DC9523200026338 /* Frameworks */,
				577AC2D72DC9523200026338 /* Resources */,
			);
			buildRules = (
			);
			dependencies = (
			);
			fileSystemSynchronizedGroups = (
				577AC2DB2DC9523200026338 /* src */,
			);
			name = LeetTrack;
			packageProductDependencies = (
				579F815A2E43F35D00BC891B /* MongoDBService */,
			);
			productName = LeetTrack;
			productReference = 577AC2D92DC9523200026338 /* LeetTrack.app */;
			productType = "com.apple.product-type.application";
		};
		577AC2E62DC9523700026338 /* LeetTrackTests */ = {
			isa = PBXNativeTarget;
			buildConfigurationList = 577AC2FE2DC9523700026338 /* Build configuration list for PBXNativeTarget "LeetTrackTests" */;
			buildPhases = (
				577AC2E32DC9523700026338 /* Sources */,
				577AC2E42DC9523700026338 /* Frameworks */,
				577AC2E52DC9523700026338 /* Resources */,
			);
			buildRules = (
			);
			dependencies = (
				577AC2E92DC9523700026338 /* PBXTargetDependency */,
			);
			fileSystemSynchronizedGroups = (
				577AC2EA2DC9523700026338 /* LeetTrackTests */,
			);
			name = LeetTrackTests;
			packageProductDependencies = (
			);
			productName = LeetTrackTests;
			productReference = 577AC2E72DC9523700026338 /* LeetTrackTests.xctest */;
			productType = "com.apple.product-type.bundle.unit-test";
		};
		577AC2F02DC9523700026338 /* LeetTrackUITests */ = {
			isa = PBXNativeTarget;
			buildConfigurationList = 577AC3012DC9523700026338 /* Build configuration list for PBXNativeTarget "LeetTrackUITests" */;
			buildPhases = (
				577AC2ED2DC9523700026338 /* Sources */,
				577AC2EE2DC9523700026338 /* Frameworks */,
				577AC2EF2DC9523700026338 /* Resources */,
			);
			buildRules = (
			);
			dependencies = (
				577AC2F32DC9523700026338 /* PBXTargetDependency */,
			);
			fileSystemSynchronizedGroups = (
				577AC2F42DC9523700026338 /* LeetTrackUITests */,
			);
			name = LeetTrackUITests;
			packageProductDependencies = (
			);
			productName = LeetTrackUITests;
			productReference = 577AC2F12DC9523700026338 /* LeetTrackUITests.xctest */;
			productType = "com.apple.product-type.bundle.ui-testing";
		};
/* End PBXNativeTarget section */

/* Begin PBXProject section */
		577AC2D12DC9523200026338 /* Project object */ = {
			isa = PBXProject;
			attributes = {
				BuildIndependentTargetsInParallel = 1;
				LastSwiftUpdateCheck = 1630;
				LastUpgradeCheck = 1630;
				TargetAttributes = {
					577AC2D82DC9523200026338 = {
						CreatedOnToolsVersion = 16.3;
					};
					577AC2E62DC9523700026338 = {
						CreatedOnToolsVersion = 16.3;
						TestTargetID = 577AC2D82DC9523200026338;
					};
					577AC2F02DC9523700026338 = {
						CreatedOnToolsVersion = 16.3;
						TestTargetID = 577AC2D82DC9523200026338;
					};
				};
			};
			buildConfigurationList = 577AC2D42DC9523200026338 /* Build configuration list for PBXProject "LeetTrack" */;
			developmentRegion = en;
			hasScannedForEncodings = 0;
			knownRegions = (
				en,
				Base,
			);
			mainGroup = 577AC2D02DC9523200026338;
			minimizedProjectReferenceProxies = 1;
			packageReferences = (
				579F81592E43F35D00BC891B /* XCLocalSwiftPackageReference "MongoDBService" */,
			);
			preferredProjectObjectVersion = 77;
			productRefGroup = 577AC2DA2DC9523200026338 /* Products */;
			projectDirPath = "";
			projectRoot = "";
			targets = (
				577AC2D82DC9523200026338 /* LeetTrack */,
				577AC2E62DC9523700026338 /* LeetTrackTests */,
				577AC2F02DC9523700026338 /* LeetTrackUITests */,
			);
		};
/* End PBXProject section */

/* Begin PBXResourcesBuildPhase section */
		577AC2D72DC9523200026338 /* Resources */ = {
			isa = PBXResourcesBuildPhase;
			buildActionMask = 2147483647;
			files = (
			);
			runOnlyForDeploymentPostprocessing = 0;
		};
		577AC2E52DC9523700026338 /* Resources */ = {
			isa = PBXResourcesBuildPhase;
			buildActionMask = 2147483647;
			files = (
			);
			runOnlyForDeploymentPostprocessing = 0;
		};
		577AC2EF2DC9523700026338 /* Resources */ = {
			isa = PBXResourcesBuildPhase;
			buildActionMask = 2147483647;
			files = (
			);
			runOnlyForDeploymentPostprocessing = 0;
		};
/* End PBXResourcesBuildPhase section */

/* Begin PBXSourcesBuildPhase section */
		577AC2D52DC9523200026338 /* Sources */ = {
			isa = PBXSourcesBuildPhase;
			buildActionMask = 2147483647;
			files = (
			);
			runOnlyForDeploymentPostprocessing = 0;
		};
		577AC2E32DC9523700026338 /* Sources */ = {
			isa = PBXSourcesBuildPhase;
			buildActionMask = 2147483647;
			files = (
			);
			runOnlyForDeploymentPostprocessing = 0;
		};
		577AC2ED2DC9523700026338 /* Sources */ = {
			isa = PBXSourcesBuildPhase;
			buildActionMask = 2147483647;
			files = (
			);
			runOnlyForDeploymentPostprocessing = 0;
		};
/* End PBXSourcesBuildPhase section */

/* Begin PBXTargetDependency section */
		577AC2E92DC9523700026338 /* PBXTargetDependency */ = {
			isa = PBXTargetDependency;
			target = 577AC2D82DC9523200026338 /* LeetTrack */;
			targetProxy = 577AC2E82DC9523700026338 /* PBXContainerItemProxy */;
		};
		577AC2F32DC9523700026338 /* PBXTargetDependency */ = {
			isa = PBXTargetDependency;
			target = 577AC2D82DC9523200026338 /* LeetTrack */;
			targetProxy = 577AC2F22DC9523700026338 /* PBXContainerItemProxy */;
		};
/* End PBXTargetDependency section */

/* Begin XCBuildConfiguration section */
		577AC2F92DC9523700026338 /* Debug */ = {
			isa = XCBuildConfiguration;
			buildSettings = {
				ALWAYS_SEARCH_USER_PATHS = NO;
				ASSETCATALOG_COMPILER_GENERATE_SWIFT_ASSET_SYMBOL_EXTENSIONS = YES;
				CLANG_ANALYZER_NONNULL = YES;
				CLANG_ANALYZER_NUMBER_OBJECT_CONVERSION = YES_AGGRESSIVE;
				CLANG_CXX_LANGUAGE_STANDARD = "gnu++20";
				CLANG_ENABLE_MODULES = YES;
				CLANG_ENABLE_OBJC_ARC = YES;
				CLANG_ENABLE_OBJC_WEAK = YES;
				CLANG_WARN_BLOCK_CAPTURE_AUTORELEASING = YES;
				CLANG_WARN_BOOL_CONVERSION = YES;
				CLANG_WARN_COMMA = YES;
				CLANG_WARN_CONSTANT_CONVERSION = YES;
				CLANG_WARN_DEPRECATED_OBJC_IMPLEMENTATIONS = YES;
				CLANG_WARN_DIRECT_OBJC_ISA_USAGE = YES_ERROR;
				CLANG_WARN_DOCUMENTATION_COMMENTS = YES;
				CLANG_WARN_EMPTY_BODY = YES;
				CLANG_WARN_ENUM_CONVERSION = YES;
				CLANG_WARN_INFINITE_RECURSION = YES;
				CLANG_WARN_INT_CONVERSION = YES;
				CLANG_WARN_NON_LITERAL_NULL_CONVERSION = YES;
				CLANG_WARN_OBJC_IMPLICIT_RETAIN_SELF = YES;
				CLANG_WARN_OBJC_LITERAL_CONVERSION = YES;
				CLANG_WARN_OBJC_ROOT_CLASS = YES_ERROR;
				CLANG_WARN_QUOTED_INCLUDE_IN_FRAMEWORK_HEADER = YES;
				CLANG_WARN_RANGE_LOOP_ANALYSIS = YES;
				CLANG_WARN_STRICT_PROTOTYPES = YES;
				CLANG_WARN_SUSPICIOUS_MOVE = YES;
				CLANG_WARN_UNGUARDED_AVAILABILITY = YES_AGGRESSIVE;
				CLANG_WARN_UNREACHABLE_CODE = YES;
				CLANG_WARN__DUPLICATE_METHOD_MATCH = YES;
				COPY_PHASE_STRIP = NO;
				DEBUG_INFORMATION_FORMAT = dwarf;
				ENABLE_STRICT_OBJC_MSGSEND = YES;
				ENABLE_TESTABILITY = YES;
				ENABLE_USER_SCRIPT_SANDBOXING = YES;
				GCC_C_LANGUAGE_STANDARD = gnu17;
				GCC_DYNAMIC_NO_PIC = NO;
				GCC_NO_COMMON_BLOCKS = YES;
				GCC_OPTIMIZATION_LEVEL = 0;
				GCC_PREPROCESSOR_DEFINITIONS = (
					"DEBUG=1",
					"$(inherited)",
				);
				GCC_WARN_64_TO_32_BIT_CONVERSION = YES;
				GCC_WARN_ABOUT_RETURN_TYPE = YES_ERROR;
				GCC_WARN_UNDECLARED_SELECTOR = YES;
				GCC_WARN_UNINITIALIZED_AUTOS = YES_AGGRESSIVE;
				GCC_WARN_UNUSED_FUNCTION = YES;
				GCC_WARN_UNUSED_VARIABLE = YES;
				LOCALIZATION_PREFERS_STRING_CATALOGS = YES;
				MACOSX_DEPLOYMENT_TARGET = 15.3;
				MTL_ENABLE_DEBUG_INFO = INCLUDE_SOURCE;
				MTL_FAST_MATH = YES;
				ONLY_ACTIVE_ARCH = YES;
				SDKROOT = macosx;
				SWIFT_ACTIVE_COMPILATION_CONDITIONS = "DEBUG $(inherited)";
				SWIFT_OPTIMIZATION_LEVEL = "-Onone";
			};
			name = Debug;
		};
		577AC2FA2DC9523700026338 /* Release */ = {
			isa = XCBuildConfiguration;
			buildSettings = {
				ALWAYS_SEARCH_USER_PATHS = NO;
				ASSETCATALOG_COMPILER_GENERATE_SWIFT_ASSET_SYMBOL_EXTENSIONS = YES;
				CLANG_ANALYZER_NONNULL = YES;
				CLANG_ANALYZER_NUMBER_OBJECT_CONVERSION = YES_AGGRESSIVE;
				CLANG_CXX_LANGUAGE_STANDARD = "gnu++20";
				CLANG_ENABLE_MODULES = YES;
				CLANG_ENABLE_OBJC_ARC = YES;
				CLANG_ENABLE_OBJC_WEAK = YES;
				CLANG_WARN_BLOCK_CAPTURE_AUTORELEASING = YES;
				CLANG_WARN_BOOL_CONVERSION = YES;
				CLANG_WARN_COMMA = YES;
				CLANG_WARN_CONSTANT_CONVERSION = YES;
				CLANG_WARN_DEPRECATED_OBJC_IMPLEMENTATIONS = YES;
				CLANG_WARN_DIRECT_OBJC_ISA_USAGE = YES_ERROR;
				CLANG_WARN_DOCUMENTATION_COMMENTS = YES;
				CLANG_WARN_EMPTY_BODY = YES;
				CLANG_WARN_ENUM_CONVERSION = YES;
				CLANG_WARN_INFINITE_RECURSION = YES;
				CLANG_WARN_INT_CONVERSION = YES;
				CLANG_WARN_NON_LITERAL_NULL_CONVERSION = YES;
				CLANG_WARN_OBJC_IMPLICIT_RETAIN_SELF = YES;
				CLANG_WARN_OBJC_LITERAL_CONVERSION = YES;
				CLANG_WARN_OBJC_ROOT_CLASS = YES_ERROR;
				CLANG_WARN_QUOTED_INCLUDE_IN_FRAMEWORK_HEADER = YES;
				CLANG_WARN_RANGE_LOOP_ANALYSIS = YES;
				CLANG_WARN_STRICT_PROTOTYPES = YES;
				CLANG_WARN_SUSPICIOUS_MOVE = YES;
				CLANG_WARN_UNGUARDED_AVAILABILITY = YES_AGGRESSIVE;
				CLANG_WARN_UNREACHABLE_CODE = YES;
				CLANG_WARN__DUPLICATE_METHOD_MATCH = YES;
				COPY_PHASE_STRIP = NO;
				DEBUG_INFORMATION_FORMAT = "dwarf-with-dsym";
				ENABLE_NS_ASSERTIONS = NO;
				ENABLE_STRICT_OBJC_MSGSEND = YES;
				ENABLE_USER_SCRIPT_SANDBOXING = YES;
				GCC_C_LANGUAGE_STANDARD = gnu17;
				GCC_NO_COMMON_BLOCKS = YES;
				GCC_WARN_64_TO_32_BIT_CONVERSION = YES;
				GCC_WARN_ABOUT_RETURN_TYPE = YES_ERROR;
				GCC_WARN_UNDECLARED_SELECTOR = YES;
				GCC_WARN_UNINITIALIZED_AUTOS = YES_AGGRESSIVE;
				GCC_WARN_UNUSED_FUNCTION = YES;
				GCC_WARN_UNUSED_VARIABLE = YES;
				LOCALIZATION_PREFERS_STRING_CATALOGS = YES;
				MACOSX_DEPLOYMENT_TARGET = 15.3;
				MTL_ENABLE_DEBUG_INFO = NO;
				MTL_FAST_MATH = YES;
				SDKROOT = macosx;
				SWIFT_COMPILATION_MODE = wholemodule;
			};
			name = Release;
		};
		577AC2FC2DC9523700026338 /* Debug */ = {
			isa = XCBuildConfiguration;
			buildSettings = {
				ASSETCATALOG_COMPILER_APPICON_NAME = AppIcon;
				ASSETCATALOG_COMPILER_GLOBAL_ACCENT_COLOR_NAME = AccentColor;
				CODE_SIGN_ENTITLEMENTS = src/LeetTrack.entitlements;
				CODE_SIGN_STYLE = Automatic;
				COMBINE_HIDPI_IMAGES = YES;
				CURRENT_PROJECT_VERSION = 1;
				ENABLE_PREVIEWS = YES;
				GENERATE_INFOPLIST_FILE = YES;
				INFOPLIST_KEY_NSHumanReadableCopyright = "";
				LD_RUNPATH_SEARCH_PATHS = (
					"$(inherited)",
					"@executable_path/../Frameworks",
				);
				MARKETING_VERSION = 1.0;
				PRODUCT_BUNDLE_IDENTIFIER = LeetcodeTracker.LeetTrack;
				PRODUCT_NAME = "$(TARGET_NAME)";
				REGISTER_APP_GROUPS = YES;
				SWIFT_EMIT_LOC_STRINGS = YES;
				SWIFT_VERSION = 5.0;
			};
			name = Debug;
		};
		577AC2FD2DC9523700026338 /* Release */ = {
			isa = XCBuildConfiguration;
			buildSettings = {
				ASSETCATALOG_COMPILER_APPICON_NAME = AppIcon;
				ASSETCATALOG_COMPILER_GLOBAL_ACCENT_COLOR_NAME = AccentColor;
				CODE_SIGN_ENTITLEMENTS = src/LeetTrack.entitlements;
				CODE_SIGN_STYLE = Automatic;
				COMBINE_HIDPI_IMAGES = YES;
				CURRENT_PROJECT_VERSION = 1;
				ENABLE_PREVIEWS = YES;
				GENERATE_INFOPLIST_FILE = YES;
				INFOPLIST_KEY_NSHumanReadableCopyright = "";
				LD_RUNPATH_SEARCH_PATHS = (
					"$(inherited)",
					"@executable_path/../Frameworks",
				);
				MARKETING_VERSION = 1.0;
				PRODUCT_BUNDLE_IDENTIFIER = LeetcodeTracker.LeetTrack;
				PRODUCT_NAME = "$(TARGET_NAME)";
				REGISTER_APP_GROUPS = YES;
				SWIFT_EMIT_LOC_STRINGS = YES;
				SWIFT_VERSION = 5.0;
			};
			name = Release;
		};
		577AC2FF2DC9523700026338 /* Debug */ = {
			isa = XCBuildConfiguration;
			buildSettings = {
				BUNDLE_LOADER = "$(TEST_HOST)";
				CODE_SIGN_STYLE = Automatic;
				CURRENT_PROJECT_VERSION = 1;
				GENERATE_INFOPLIST_FILE = YES;
				MACOSX_DEPLOYMENT_TARGET = 15.3;
				MARKETING_VERSION = 1.0;
				PRODUCT_BUNDLE_IDENTIFIER = LeetcodeTracker.LeetTrackTests;
				PRODUCT_NAME = "$(TARGET_NAME)";
				SWIFT_EMIT_LOC_STRINGS = NO;
				SWIFT_VERSION = 5.0;
				TEST_HOST = "$(BUILT_PRODUCTS_DIR)/LeetTrack.app/$(BUNDLE_EXECUTABLE_FOLDER_PATH)/LeetTrack";
			};
			name = Debug;
		};
		577AC3002DC9523700026338 /* Release */ = {
			isa = XCBuildConfiguration;
			buildSettings = {
				BUNDLE_LOADER = "$(TEST_HOST)";
				CODE_SIGN_STYLE = Automatic;
				CURRENT_PROJECT_VERSION = 1;
				GENERATE_INFOPLIST_FILE = YES;
				MACOSX_DEPLOYMENT_TARGET = 15.3;
				MARKETING_VERSION = 1.0;
				PRODUCT_BUNDLE_IDENTIFIER = LeetcodeTracker.LeetTrackTests;
				PRODUCT_NAME = "$(TARGET_NAME)";
				SWIFT_EMIT_LOC_STRINGS = NO;
				SWIFT_VERSION = 5.0;
				TEST_HOST = "$(BUILT_PRODUCTS_DIR)/LeetTrack.app/$(BUNDLE_EXECUTABLE_FOLDER_PATH)/LeetTrack";
			};
			name = Release;
		};
		577AC3022DC9523700026338 /* Debug */ = {
			isa = XCBuildConfiguration;
			buildSettings = {
				CODE_SIGN_STYLE = Automatic;
				CURRENT_PROJECT_VERSION = 1;
				GENERATE_INFOPLIST_FILE = YES;
				MARKETING_VERSION = 1.0;
				PRODUCT_BUNDLE_IDENTIFIER = LeetcodeTracker.LeetTrackUITests;
				PRODUCT_NAME = "$(TARGET_NAME)";
				SWIFT_EMIT_LOC_STRINGS = NO;
				SWIFT_VERSION = 5.0;
				TEST_TARGET_NAME = LeetTrack;
			};
			name = Debug;
		};
		577AC3032DC9523700026338 /* Release */ = {
			isa = XCBuildConfiguration;
			buildSettings = {
				CODE_SIGN_STYLE = Automatic;
				CURRENT_PROJECT_VERSION = 1;
				GENERATE_INFOPLIST_FILE = YES;
				MARKETING_VERSION = 1.0;
				PRODUCT_BUNDLE_IDENTIFIER = LeetcodeTracker.LeetTrackUITests;
				PRODUCT_NAME = "$(TARGET_NAME)";
				SWIFT_EMIT_LOC_STRINGS = NO;
				SWIFT_VERSION = 5.0;
				TEST_TARGET_NAME = LeetTrack;
			};
			name = Release;
		};
/* End XCBuildConfiguration section */

/* Begin XCConfigurationList section */
		577AC2D42DC9523200026338 /* Build configuration list for PBXProject "LeetTrack" */ = {
			isa = XCConfigurationList;
			buildConfigurations = (
				577AC2F92DC9523700026338 /* Debug */,
				577AC2FA2DC9523700026338 /* Release */,
			);
			defaultConfigurationIsVisible = 0;
			defaultConfigurationName = Release;
		};
		577AC2FB2DC9523700026338 /* Build configuration list for PBXNativeTarget "LeetTrack" */ = {
			isa = XCConfigurationList;
			buildConfigurations = (
				577AC2FC2DC9523700026338 /* Debug */,
				577AC2FD2DC9523700026338 /* Release */,
			);
			defaultConfigurationIsVisible = 0;
			defaultConfigurationName = Release;
		};
		577AC2FE2DC9523700026338 /* Build configuration list for PBXNativeTarget "LeetTrackTests" */ = {
			isa = XCConfigurationList;
			buildConfigurations = (
				577AC2FF2DC9523700026338 /* Debug */,
				577AC3002DC9523700026338 /* Release */,
			);
			defaultConfigurationIsVisible = 0;
			defaultConfigurationName = Release;
		};
		577AC3012DC9523700026338 /* Build configuration list for PBXNativeTarget "LeetTrackUITests" */ = {
			isa = XCConfigurationList;
			buildConfigurations = (
				577AC3022DC9523700026338 /* Debug */,
				577AC3032DC9523700026338 /* Release */,
			);
			defaultConfigurationIsVisible = 0;
			defaultConfigurationName = Release;
		};
/* End XCConfigurationList section */

/* Begin XCLocalSwiftPackageReference section */
		579F81592E43F35D00BC891B /* XCLocalSwiftPackageReference "MongoDBService" */ = {
			isa = XCLocalSwiftPackageReference;
			relativePath = MongoDBService;
		};
/* End XCLocalSwiftPackageReference section */

/* Begin XCSwiftPackageProductDependency section */
		579F815A2E43F35D00BC891B /* MongoDBService */ = {
			isa = XCSwiftPackageProductDependency;
			productName = MongoDBService;
		};
/* End XCSwiftPackageProductDependency section */
	};
	rootObject = 577AC2D12DC9523200026338 /* Project object */;
}
